// !$*UTF8*$!
{
	archiveVersion = 1;
	classes = {
	};
	objectVersion = 50;
	objects = {

/* Begin PBXBuildFile section */
		9371118025AEE7CB0012AC3A /* RomanNumeralsTDDApp.swift in Sources */ = {isa = PBXBuildFile; fileRef = 9371117F25AEE7CB0012AC3A /* RomanNumeralsTDDApp.swift */; };
		9371118225AEE7CB0012AC3A /* ContentView.swift in Sources */ = {isa = PBXBuildFile; fileRef = 9371118125AEE7CB0012AC3A /* ContentView.swift */; };
		9371118425AEE7CC0012AC3A /* Assets.xcassets in Resources */ = {isa = PBXBuildFile; fileRef = 9371118325AEE7CC0012AC3A /* Assets.xcassets */; };
		9371118725AEE7CC0012AC3A /* Preview Assets.xcassets in Resources */ = {isa = PBXBuildFile; fileRef = 9371118625AEE7CC0012AC3A /* Preview Assets.xcassets */; };
		9371119225AEE7CC0012AC3A /* RomanNumeralsTDDTests.swift in Sources */ = {isa = PBXBuildFile; fileRef = 9371119125AEE7CC0012AC3A /* RomanNumeralsTDDTests.swift */; };
		9371119D25AEE7CC0012AC3A /* RomanNumeralsTDDUITests.swift in Sources */ = {isa = PBXBuildFile; fileRef = 9371119C25AEE7CC0012AC3A /* RomanNumeralsTDDUITests.swift */; };
		937111AE25AEE9570012AC3A /* DefaultRomanNumeralsConverter.swift in Sources */ = {isa = PBXBuildFile; fileRef = 937111AD25AEE9570012AC3A /* DefaultRomanNumeralsConverter.swift */; };
/* End PBXBuildFile section */

/* Begin PBXContainerItemProxy section */
		9371118E25AEE7CC0012AC3A /* PBXContainerItemProxy */ = {
			isa = PBXContainerItemProxy;
			containerPortal = 9371117425AEE7CB0012AC3A /* Project object */;
			proxyType = 1;
			remoteGlobalIDString = 9371117B25AEE7CB0012AC3A;
			remoteInfo = RomanNumeralsTDD;
		};
		9371119925AEE7CC0012AC3A /* PBXContainerItemProxy */ = {
			isa = PBXContainerItemProxy;
			containerPortal = 9371117425AEE7CB0012AC3A /* Project object */;
			proxyType = 1;
			remoteGlobalIDString = 9371117B25AEE7CB0012AC3A;
			remoteInfo = RomanNumeralsTDD;
		};
/* End PBXContainerItemProxy section */

/* Begin PBXFileReference section */
		9371117C25AEE7CB0012AC3A /* RomanNumeralsTDD.app */ = {isa = PBXFileReference; explicitFileType = wrapper.application; includeInIndex = 0; path = RomanNumeralsTDD.app; sourceTree = BUILT_PRODUCTS_DIR; };
		9371117F25AEE7CB0012AC3A /* RomanNumeralsTDDApp.swift */ = {isa = PBXFileReference; lastKnownFileType = sourcecode.swift; path = RomanNumeralsTDDApp.swift; sourceTree = "<group>"; };
		9371118125AEE7CB0012AC3A /* ContentView.swift */ = {isa = PBXFileReference; lastKnownFileType = sourcecode.swift; path = ContentView.swift; sourceTree = "<group>"; };
		9371118325AEE7CC0012AC3A /* Assets.xcassets */ = {isa = PBXFileReference; lastKnownFileType = folder.assetcatalog; path = Assets.xcassets; sourceTree = "<group>"; };
		9371118625AEE7CC0012AC3A /* Preview Assets.xcassets */ = {isa = PBXFileReference; lastKnownFileType = folder.assetcatalog; path = "Preview Assets.xcassets"; sourceTree = "<group>"; };
		9371118825AEE7CC0012AC3A /* Info.plist */ = {isa = PBXFileReference; lastKnownFileType = text.plist.xml; path = Info.plist; sourceTree = "<group>"; };
		9371118D25AEE7CC0012AC3A /* RomanNumeralsTDDTests.xctest */ = {isa = PBXFileReference; explicitFileType = wrapper.cfbundle; includeInIndex = 0; path = RomanNumeralsTDDTests.xctest; sourceTree = BUILT_PRODUCTS_DIR; };
		9371119125AEE7CC0012AC3A /* RomanNumeralsTDDTests.swift */ = {isa = PBXFileReference; lastKnownFileType = sourcecode.swift; path = RomanNumeralsTDDTests.swift; sourceTree = "<group>"; };
		9371119325AEE7CC0012AC3A /* Info.plist */ = {isa = PBXFileReference; lastKnownFileType = text.plist.xml; path = Info.plist; sourceTree = "<group>"; };
		9371119825AEE7CC0012AC3A /* RomanNumeralsTDDUITests.xctest */ = {isa = PBXFileReference; explicitFileType = wrapper.cfbundle; includeInIndex = 0; path = RomanNumeralsTDDUITests.xctest; sourceTree = BUILT_PRODUCTS_DIR; };
		9371119C25AEE7CC0012AC3A /* RomanNumeralsTDDUITests.swift */ = {isa = PBXFileReference; lastKnownFileType = sourcecode.swift; path = RomanNumeralsTDDUITests.swift; sourceTree = "<group>"; };
		9371119E25AEE7CC0012AC3A /* Info.plist */ = {isa = PBXFileReference; lastKnownFileType = text.plist.xml; path = Info.plist; sourceTree = "<group>"; };
		937111AD25AEE9570012AC3A /* DefaultRomanNumeralsConverter.swift */ = {isa = PBXFileReference; lastKnownFileType = sourcecode.swift; path = DefaultRomanNumeralsConverter.swift; sourceTree = "<group>"; };
/* End PBXFileReference section */

/* Begin PBXFrameworksBuildPhase section */
		9371117925AEE7CB0012AC3A /* Frameworks */ = {
			isa = PBXFrameworksBuildPhase;
			buildActionMask = 2147483647;
			files = (
			);
			runOnlyForDeploymentPostprocessing = 0;
		};
		9371118A25AEE7CC0012AC3A /* Frameworks */ = {
			isa = PBXFrameworksBuildPhase;
			buildActionMask = 2147483647;
			files = (
			);
			runOnlyForDeploymentPostprocessing = 0;
		};
		9371119525AEE7CC0012AC3A /* Frameworks */ = {
			isa = PBXFrameworksBuildPhase;
			buildActionMask = 2147483647;
			files = (
			);
			runOnlyForDeploymentPostprocessing = 0;
		};
/* End PBXFrameworksBuildPhase section */

/* Begin PBXGroup section */
		9371117325AEE7CB0012AC3A = {
			isa = PBXGroup;
			children = (
				9371117E25AEE7CB0012AC3A /* RomanNumeralsTDD */,
				9371119025AEE7CC0012AC3A /* RomanNumeralsTDDTests */,
				9371119B25AEE7CC0012AC3A /* RomanNumeralsTDDUITests */,
				9371117D25AEE7CB0012AC3A /* Products */,
			);
			sourceTree = "<group>";
		};
		9371117D25AEE7CB0012AC3A /* Products */ = {
			isa = PBXGroup;
			children = (
				9371117C25AEE7CB0012AC3A /* RomanNumeralsTDD.app */,
				9371118D25AEE7CC0012AC3A /* RomanNumeralsTDDTests.xctest */,
				9371119825AEE7CC0012AC3A /* RomanNumeralsTDDUITests.xctest */,
			);
			name = Products;
			sourceTree = "<group>";
		};
		9371117E25AEE7CB0012AC3A /* RomanNumeralsTDD */ = {
			isa = PBXGroup;
			children = (
				9371117F25AEE7CB0012AC3A /* RomanNumeralsTDDApp.swift */,
				9371118125AEE7CB0012AC3A /* ContentView.swift */,
				9371118325AEE7CC0012AC3A /* Assets.xcassets */,
				9371118825AEE7CC0012AC3A /* Info.plist */,
				9371118525AEE7CC0012AC3A /* Preview Content */,
				937111AD25AEE9570012AC3A /* DefaultRomanNumeralsConverter.swift */,
			);
			path = RomanNumeralsTDD;
			sourceTree = "<group>";
		};
		9371118525AEE7CC0012AC3A /* Preview Content */ = {
			isa = PBXGroup;
			children = (
				9371118625AEE7CC0012AC3A /* Preview Assets.xcassets */,
			);
			path = "Preview Content";
			sourceTree = "<group>";
		};
		9371119025AEE7CC0012AC3A /* RomanNumeralsTDDTests */ = {
			isa = PBXGroup;
			children = (
				9371119125AEE7CC0012AC3A /* RomanNumeralsTDDTests.swift */,
				9371119325AEE7CC0012AC3A /* Info.plist */,
			);
			path = RomanNumeralsTDDTests;
			sourceTree = "<group>";
		};
		9371119B25AEE7CC0012AC3A /* RomanNumeralsTDDUITests */ = {
			isa = PBXGroup;
			children = (
				9371119C25AEE7CC0012AC3A /* RomanNumeralsTDDUITests.swift */,
				9371119E25AEE7CC0012AC3A /* Info.plist */,
			);
			path = RomanNumeralsTDDUITests;
			sourceTree = "<group>";
		};
/* End PBXGroup section */

/* Begin PBXNativeTarget section */
		9371117B25AEE7CB0012AC3A /* RomanNumeralsTDD */ = {
			isa = PBXNativeTarget;
			buildConfigurationList = 937111A125AEE7CC0012AC3A /* Build configuration list for PBXNativeTarget "RomanNumeralsTDD" */;
			buildPhases = (
				9371117825AEE7CB0012AC3A /* Sources */,
				9371117925AEE7CB0012AC3A /* Frameworks */,
				9371117A25AEE7CB0012AC3A /* Resources */,
			);
			buildRules = (
			);
			dependencies = (
			);
			name = RomanNumeralsTDD;
			productName = RomanNumeralsTDD;
			productReference = 9371117C25AEE7CB0012AC3A /* RomanNumeralsTDD.app */;
			productType = "com.apple.product-type.application";
		};
		9371118C25AEE7CC0012AC3A /* RomanNumeralsTDDTests */ = {
			isa = PBXNativeTarget;
			buildConfigurationList = 937111A425AEE7CC0012AC3A /* Build configuration list for PBXNativeTarget "RomanNumeralsTDDTests" */;
			buildPhases = (
				9371118925AEE7CC0012AC3A /* Sources */,
				9371118A25AEE7CC0012AC3A /* Frameworks */,
				9371118B25AEE7CC0012AC3A /* Resources */,
			);
			buildRules = (
			);
			dependencies = (
				9371118F25AEE7CC0012AC3A /* PBXTargetDependency */,
			);
			name = RomanNumeralsTDDTests;
			productName = RomanNumeralsTDDTests;
			productReference = 9371118D25AEE7CC0012AC3A /* RomanNumeralsTDDTests.xctest */;
			productType = "com.apple.product-type.bundle.unit-test";
		};
		9371119725AEE7CC0012AC3A /* RomanNumeralsTDDUITests */ = {
			isa = PBXNativeTarget;
			buildConfigurationList = 937111A725AEE7CC0012AC3A /* Build configuration list for PBXNativeTarget "RomanNumeralsTDDUITests" */;
			buildPhases = (
				9371119425AEE7CC0012AC3A /* Sources */,
				9371119525AEE7CC0012AC3A /* Frameworks */,
				9371119625AEE7CC0012AC3A /* Resources */,
			);
			buildRules = (
			);
			dependencies = (
				9371119A25AEE7CC0012AC3A /* PBXTargetDependency */,
			);
			name = RomanNumeralsTDDUITests;
			productName = RomanNumeralsTDDUITests;
			productReference = 9371119825AEE7CC0012AC3A /* RomanNumeralsTDDUITests.xctest */;
			productType = "com.apple.product-type.bundle.ui-testing";
		};
/* End PBXNativeTarget section */

/* Begin PBXProject section */
		9371117425AEE7CB0012AC3A /* Project object */ = {
			isa = PBXProject;
			attributes = {
				LastSwiftUpdateCheck = 1230;
				LastUpgradeCheck = 1230;
				TargetAttributes = {
					9371117B25AEE7CB0012AC3A = {
						CreatedOnToolsVersion = 12.3;
					};
					9371118C25AEE7CC0012AC3A = {
						CreatedOnToolsVersion = 12.3;
						TestTargetID = 9371117B25AEE7CB0012AC3A;
					};
					9371119725AEE7CC0012AC3A = {
						CreatedOnToolsVersion = 12.3;
						TestTargetID = 9371117B25AEE7CB0012AC3A;
					};
				};
			};
			buildConfigurationList = 9371117725AEE7CB0012AC3A /* Build configuration list for PBXProject "RomanNumeralsTDD" */;
			compatibilityVersion = "Xcode 9.3";
			developmentRegion = en;
			hasScannedForEncodings = 0;
			knownRegions = (
				en,
				Base,
			);
			mainGroup = 9371117325AEE7CB0012AC3A;
			productRefGroup = 9371117D25AEE7CB0012AC3A /* Products */;
			projectDirPath = "";
			projectRoot = "";
			targets = (
				9371117B25AEE7CB0012AC3A /* RomanNumeralsTDD */,
				9371118C25AEE7CC0012AC3A /* RomanNumeralsTDDTests */,
				9371119725AEE7CC0012AC3A /* RomanNumeralsTDDUITests */,
			);
		};
/* End PBXProject section */

/* Begin PBXResourcesBuildPhase section */
		9371117A25AEE7CB0012AC3A /* Resources */ = {
			isa = PBXResourcesBuildPhase;
			buildActionMask = 2147483647;
			files = (
				9371118725AEE7CC0012AC3A /* Preview Assets.xcassets in Resources */,
				9371118425AEE7CC0012AC3A /* Assets.xcassets in Resources */,
			);
			runOnlyForDeploymentPostprocessing = 0;
		};
		9371118B25AEE7CC0012AC3A /* Resources */ = {
			isa = PBXResourcesBuildPhase;
			buildActionMask = 2147483647;
			files = (
			);
			runOnlyForDeploymentPostprocessing = 0;
		};
		9371119625AEE7CC0012AC3A /* Resources */ = {
			isa = PBXResourcesBuildPhase;
			buildActionMask = 2147483647;
			files = (
			);
			runOnlyForDeploymentPostprocessing = 0;
		};
/* End PBXResourcesBuildPhase section */

/* Begin PBXSourcesBuildPhase section */
		9371117825AEE7CB0012AC3A /* Sources */ = {
			isa = PBXSourcesBuildPhase;
			buildActionMask = 2147483647;
			files = (
				9371118225AEE7CB0012AC3A /* ContentView.swift in Sources */,
				937111AE25AEE9570012AC3A /* DefaultRomanNumeralsConverter.swift in Sources */,
				9371118025AEE7CB0012AC3A /* RomanNumeralsTDDApp.swift in Sources */,
			);
			runOnlyForDeploymentPostprocessing = 0;
		};
		9371118925AEE7CC0012AC3A /* Sources */ = {
			isa = PBXSourcesBuildPhase;
			buildActionMask = 2147483647;
			files = (
				9371119225AEE7CC0012AC3A /* RomanNumeralsTDDTests.swift in Sources */,
			);
			runOnlyForDeploymentPostprocessing = 0;
		};
		9371119425AEE7CC0012AC3A /* Sources */ = {
			isa = PBXSourcesBuildPhase;
			buildActionMask = 2147483647;
			files = (
				9371119D25AEE7CC0012AC3A /* RomanNumeralsTDDUITests.swift in Sources */,
			);
			runOnlyForDeploymentPostprocessing = 0;
		};
/* End PBXSourcesBuildPhase section */

/* Begin PBXTargetDependency section */
		9371118F25AEE7CC0012AC3A /* PBXTargetDependency */ = {
			isa = PBXTargetDependency;
			target = 9371117B25AEE7CB0012AC3A /* RomanNumeralsTDD */;
			targetProxy = 9371118E25AEE7CC0012AC3A /* PBXContainerItemProxy */;
		};
		9371119A25AEE7CC0012AC3A /* PBXTargetDependency */ = {
			isa = PBXTargetDependency;
			target = 9371117B25AEE7CB0012AC3A /* RomanNumeralsTDD */;
			targetProxy = 9371119925AEE7CC0012AC3A /* PBXContainerItemProxy */;
		};
/* End PBXTargetDependency section */

/* Begin XCBuildConfiguration section */
		9371119F25AEE7CC0012AC3A /* Debug */ = {
			isa = XCBuildConfiguration;
			buildSettings = {
				ALWAYS_SEARCH_USER_PATHS = NO;
				CLANG_ANALYZER_NONNULL = YES;
				CLANG_ANALYZER_NUMBER_OBJECT_CONVERSION = YES_AGGRESSIVE;
				CLANG_CXX_LANGUAGE_STANDARD = "gnu++14";
				CLANG_CXX_LIBRARY = "libc++";
				CLANG_ENABLE_MODULES = YES;
				CLANG_ENABLE_OBJC_ARC = YES;
				CLANG_ENABLE_OBJC_WEAK = YES;
				CLANG_WARN_BLOCK_CAPTURE_AUTORELEASING = YES;
				CLANG_WARN_BOOL_CONVERSION = YES;
				CLANG_WARN_COMMA = YES;
				CLANG_WARN_CONSTANT_CONVERSION = YES;
				CLANG_WARN_DEPRECATED_OBJC_IMPLEMENTATIONS = YES;
				CLANG_WARN_DIRECT_OBJC_ISA_USAGE = YES_ERROR;
				CLANG_WARN_DOCUMENTATION_COMMENTS = YES;
				CLANG_WARN_EMPTY_BODY = YES;
				CLANG_WARN_ENUM_CONVERSION = YES;
				CLANG_WARN_INFINITE_RECURSION = YES;
				CLANG_WARN_INT_CONVERSION = YES;
				CLANG_WARN_NON_LITERAL_NULL_CONVERSION = YES;
				CLANG_WARN_OBJC_IMPLICIT_RETAIN_SELF = YES;
				CLANG_WARN_OBJC_LITERAL_CONVERSION = YES;
				CLANG_WARN_OBJC_ROOT_CLASS = YES_ERROR;
				CLANG_WARN_QUOTED_INCLUDE_IN_FRAMEWORK_HEADER = YES;
				CLANG_WARN_RANGE_LOOP_ANALYSIS = YES;
				CLANG_WARN_STRICT_PROTOTYPES = YES;
				CLANG_WARN_SUSPICIOUS_MOVE = YES;
				CLANG_WARN_UNGUARDED_AVAILABILITY = YES_AGGRESSIVE;
				CLANG_WARN_UNREACHABLE_CODE = YES;
				CLANG_WARN__DUPLICATE_METHOD_MATCH = YES;
				COPY_PHASE_STRIP = NO;
				DEBUG_INFORMATION_FORMAT = dwarf;
				ENABLE_STRICT_OBJC_MSGSEND = YES;
				ENABLE_TESTABILITY = YES;
				GCC_C_LANGUAGE_STANDARD = gnu11;
				GCC_DYNAMIC_NO_PIC = NO;
				GCC_NO_COMMON_BLOCKS = YES;
				GCC_OPTIMIZATION_LEVEL = 0;
				GCC_PREPROCESSOR_DEFINITIONS = (
					"DEBUG=1",
					"$(inherited)",
				);
				GCC_WARN_64_TO_32_BIT_CONVERSION = YES;
				GCC_WARN_ABOUT_RETURN_TYPE = YES_ERROR;
				GCC_WARN_UNDECLARED_SELECTOR = YES;
				GCC_WARN_UNINITIALIZED_AUTOS = YES_AGGRESSIVE;
				GCC_WARN_UNUSED_FUNCTION = YES;
				GCC_WARN_UNUSED_VARIABLE = YES;
				IPHONEOS_DEPLOYMENT_TARGET = 14.3;
				MTL_ENABLE_DEBUG_INFO = INCLUDE_SOURCE;
				MTL_FAST_MATH = YES;
				ONLY_ACTIVE_ARCH = YES;
				SDKROOT = iphoneos;
				SWIFT_ACTIVE_COMPILATION_CONDITIONS = DEBUG;
				SWIFT_OPTIMIZATION_LEVEL = "-Onone";
			};
			name = Debug;
		};
		937111A025AEE7CC0012AC3A /* Release */ = {
			isa = XCBuildConfiguration;
			buildSettings = {
				ALWAYS_SEARCH_USER_PATHS = NO;
				CLANG_ANALYZER_NONNULL = YES;
				CLANG_ANALYZER_NUMBER_OBJECT_CONVERSION = YES_AGGRESSIVE;
				CLANG_CXX_LANGUAGE_STANDARD = "gnu++14";
				CLANG_CXX_LIBRARY = "libc++";
				CLANG_ENABLE_MODULES = YES;
				CLANG_ENABLE_OBJC_ARC = YES;
				CLANG_ENABLE_OBJC_WEAK = YES;
				CLANG_WARN_BLOCK_CAPTURE_AUTORELEASING = YES;
				CLANG_WARN_BOOL_CONVERSION = YES;
				CLANG_WARN_COMMA = YES;
				CLANG_WARN_CONSTANT_CONVERSION = YES;
				CLANG_WARN_DEPRECATED_OBJC_IMPLEMENTATIONS = YES;
				CLANG_WARN_DIRECT_OBJC_ISA_USAGE = YES_ERROR;
				CLANG_WARN_DOCUMENTATION_COMMENTS = YES;
				CLANG_WARN_EMPTY_BODY = YES;
				CLANG_WARN_ENUM_CONVERSION = YES;
				CLANG_WARN_INFINITE_RECURSION = YES;
				CLANG_WARN_INT_CONVERSION = YES;
				CLANG_WARN_NON_LITERAL_NULL_CONVERSION = YES;
				CLANG_WARN_OBJC_IMPLICIT_RETAIN_SELF = YES;
				CLANG_WARN_OBJC_LITERAL_CONVERSION = YES;
				CLANG_WARN_OBJC_ROOT_CLASS = YES_ERROR;
				CLANG_WARN_QUOTED_INCLUDE_IN_FRAMEWORK_HEADER = YES;
				CLANG_WARN_RANGE_LOOP_ANALYSIS = YES;
				CLANG_WARN_STRICT_PROTOTYPES = YES;
				CLANG_WARN_SUSPICIOUS_MOVE = YES;
				CLANG_WARN_UNGUARDED_AVAILABILITY = YES_AGGRESSIVE;
				CLANG_WARN_UNREACHABLE_CODE = YES;
				CLANG_WARN__DUPLICATE_METHOD_MATCH = YES;
				COPY_PHASE_STRIP = NO;
				DEBUG_INFORMATION_FORMAT = "dwarf-with-dsym";
				ENABLE_NS_ASSERTIONS = NO;
				ENABLE_STRICT_OBJC_MSGSEND = YES;
				GCC_C_LANGUAGE_STANDARD = gnu11;
				GCC_NO_COMMON_BLOCKS = YES;
				GCC_WARN_64_TO_32_BIT_CONVERSION = YES;
				GCC_WARN_ABOUT_RETURN_TYPE = YES_ERROR;
				GCC_WARN_UNDECLARED_SELECTOR = YES;
				GCC_WARN_UNINITIALIZED_AUTOS = YES_AGGRESSIVE;
				GCC_WARN_UNUSED_FUNCTION = YES;
				GCC_WARN_UNUSED_VARIABLE = YES;
				IPHONEOS_DEPLOYMENT_TARGET = 14.3;
				MTL_ENABLE_DEBUG_INFO = NO;
				MTL_FAST_MATH = YES;
				SDKROOT = iphoneos;
				SWIFT_COMPILATION_MODE = wholemodule;
				SWIFT_OPTIMIZATION_LEVEL = "-O";
				VALIDATE_PRODUCT = YES;
			};
			name = Release;
		};
		937111A225AEE7CC0012AC3A /* Debug */ = {
			isa = XCBuildConfiguration;
			buildSettings = {
				ASSETCATALOG_COMPILER_APPICON_NAME = AppIcon;
				ASSETCATALOG_COMPILER_GLOBAL_ACCENT_COLOR_NAME = AccentColor;
				CODE_SIGN_STYLE = Automatic;
				DEVELOPMENT_ASSET_PATHS = "\"RomanNumeralsTDD/Preview Content\"";
				ENABLE_PREVIEWS = YES;
				INFOPLIST_FILE = RomanNumeralsTDD/Info.plist;
				IPHONEOS_DEPLOYMENT_TARGET = 14.0;
				LD_RUNPATH_SEARCH_PATHS = (
					"$(inherited)",
					"@executable_path/Frameworks",
				);
				PRODUCT_BUNDLE_IDENTIFIER = com.tdd.RomanNumeralsTDD;
				PRODUCT_NAME = "$(TARGET_NAME)";
				SWIFT_VERSION = 5.0;
				TARGETED_DEVICE_FAMILY = "1,2";
			};
			name = Debug;
		};
		937111A325AEE7CC0012AC3A /* Release */ = {
			isa = XCBuildConfiguration;
			buildSettings = {
				ASSETCATALOG_COMPILER_APPICON_NAME = AppIcon;
				ASSETCATALOG_COMPILER_GLOBAL_ACCENT_COLOR_NAME = AccentColor;
				CODE_SIGN_STYLE = Automatic;
				DEVELOPMENT_ASSET_PATHS = "\"RomanNumeralsTDD/Preview Content\"";
				ENABLE_PREVIEWS = YES;
				INFOPLIST_FILE = RomanNumeralsTDD/Info.plist;
				IPHONEOS_DEPLOYMENT_TARGET = 14.0;
				LD_RUNPATH_SEARCH_PATHS = (
					"$(inherited)",
					"@executable_path/Frameworks",
				);
				PRODUCT_BUNDLE_IDENTIFIER = com.tdd.RomanNumeralsTDD;
				PRODUCT_NAME = "$(TARGET_NAME)";
				SWIFT_VERSION = 5.0;
				TARGETED_DEVICE_FAMILY = "1,2";
			};
			name = Release;
		};
		937111A525AEE7CC0012AC3A /* Debug */ = {
			isa = XCBuildConfiguration;
			buildSettings = {
				ALWAYS_EMBED_SWIFT_STANDARD_LIBRARIES = YES;
				BUNDLE_LOADER = "$(TEST_HOST)";
				CODE_SIGN_STYLE = Automatic;
				INFOPLIST_FILE = RomanNumeralsTDDTests/Info.plist;
				IPHONEOS_DEPLOYMENT_TARGET = 14.0;
				LD_RUNPATH_SEARCH_PATHS = (
					"$(inherited)",
					"@executable_path/Frameworks",
					"@loader_path/Frameworks",
				);
				PRODUCT_BUNDLE_IDENTIFIER = com.tdd.RomanNumeralsTDDTests;
				PRODUCT_NAME = "$(TARGET_NAME)";
				SWIFT_VERSION = 5.0;
				TARGETED_DEVICE_FAMILY = "1,2";
				TEST_HOST = "$(BUILT_PRODUCTS_DIR)/RomanNumeralsTDD.app/RomanNumeralsTDD";
			};
			name = Debug;
		};
		937111A625AEE7CC0012AC3A /* Release */ = {
			isa = XCBuildConfiguration;
			buildSettings = {
				ALWAYS_EMBED_SWIFT_STANDARD_LIBRARIES = YES;
				BUNDLE_LOADER = "$(TEST_HOST)";
				CODE_SIGN_STYLE = Automatic;
				INFOPLIST_FILE = RomanNumeralsTDDTests/Info.plist;
				IPHONEOS_DEPLOYMENT_TARGET = 14.0;
				LD_RUNPATH_SEARCH_PATHS = (
					"$(inherited)",
					"@executable_path/Frameworks",
					"@loader_path/Frameworks",
				);
				PRODUCT_BUNDLE_IDENTIFIER = com.tdd.RomanNumeralsTDDTests;
				PRODUCT_NAME = "$(TARGET_NAME)";
				SWIFT_VERSION = 5.0;
				TARGETED_DEVICE_FAMILY = "1,2";
				TEST_HOST = "$(BUILT_PRODUCTS_DIR)/RomanNumeralsTDD.app/RomanNumeralsTDD";
			};
			name = Release;
		};
		937111A825AEE7CC0012AC3A /* Debug */ = {
			isa = XCBuildConfiguration;
			buildSettings = {
				ALWAYS_EMBED_SWIFT_STANDARD_LIBRARIES = YES;
				CODE_SIGN_STYLE = Automatic;
				INFOPLIST_FILE = RomanNumeralsTDDUITests/Info.plist;
				LD_RUNPATH_SEARCH_PATHS = (
					"$(inherited)",
					"@executable_path/Frameworks",
					"@loader_path/Frameworks",
				);
				PRODUCT_BUNDLE_IDENTIFIER = com.tdd.RomanNumeralsTDDUITests;
				PRODUCT_NAME = "$(TARGET_NAME)";
				SWIFT_VERSION = 5.0;
				TARGETED_DEVICE_FAMILY = "1,2";
				TEST_TARGET_NAME = RomanNumeralsTDD;
			};
			name = Debug;
		};
		937111A925AEE7CC0012AC3A /* Release */ = {
			isa = XCBuildConfiguration;
			buildSettings = {
				ALWAYS_EMBED_SWIFT_STANDARD_LIBRARIES = YES;
				CODE_SIGN_STYLE = Automatic;
				INFOPLIST_FILE = RomanNumeralsTDDUITests/Info.plist;
				LD_RUNPATH_SEARCH_PATHS = (
					"$(inherited)",
					"@executable_path/Frameworks",
					"@loader_path/Frameworks",
				);
				PRODUCT_BUNDLE_IDENTIFIER = com.tdd.RomanNumeralsTDDUITests;
				PRODUCT_NAME = "$(TARGET_NAME)";
				SWIFT_VERSION = 5.0;
				TARGETED_DEVICE_FAMILY = "1,2";
				TEST_TARGET_NAME = RomanNumeralsTDD;
			};
			name = Release;
		};
/* End XCBuildConfiguration section */

/* Begin XCConfigurationList section */
		9371117725AEE7CB0012AC3A /* Build configuration list for PBXProject "RomanNumeralsTDD" */ = {
			isa = XCConfigurationList;
			buildConfigurations = (
				9371119F25AEE7CC0012AC3A /* Debug */,
				937111A025AEE7CC0012AC3A /* Release */,
			);
			defaultConfigurationIsVisible = 0;
			defaultConfigurationName = Release;
		};
		937111A125AEE7CC0012AC3A /* Build configuration list for PBXNativeTarget "RomanNumeralsTDD" */ = {
			isa = XCConfigurationList;
			buildConfigurations = (
				937111A225AEE7CC0012AC3A /* Debug */,
				937111A325AEE7CC0012AC3A /* Release */,
			);
			defaultConfigurationIsVisible = 0;
			defaultConfigurationName = Release;
		};
		937111A425AEE7CC0012AC3A /* Build configuration list for PBXNativeTarget "RomanNumeralsTDDTests" */ = {
			isa = XCConfigurationList;
			buildConfigurations = (
				937111A525AEE7CC0012AC3A /* Debug */,
				937111A625AEE7CC0012AC3A /* Release */,
			);
			defaultConfigurationIsVisible = 0;
			defaultConfigurationName = Release;
		};
		937111A725AEE7CC0012AC3A /* Build configuration list for PBXNativeTarget "RomanNumeralsTDDUITests" */ = {
			isa = XCConfigurationList;
			buildConfigurations = (
				937111A825AEE7CC0012AC3A /* Debug */,
				937111A925AEE7CC0012AC3A /* Release */,
			);
			defaultConfigurationIsVisible = 0;
			defaultConfigurationName = Release;
		};
/* End XCConfigurationList section */
	};
	rootObject = 9371117425AEE7CB0012AC3A /* Project object */;
}
